// !$*UTF8*$!
{
	archiveVersion = 1;
	classes = {
	};
	objectVersion = 46;
	objects = {

/* Begin PBXBuildFile section */
		6719AEE70013497E4C87C7BE /* libPods-PTDatabaseReader.a in Frameworks */ = {isa = PBXBuildFile; fileRef = E5C797E7FB5022AFD896F90D /* libPods-PTDatabaseReader.a */; };
		776A67B11BFDD642000F2958 /* main.m in Sources */ = {isa = PBXBuildFile; fileRef = 776A67B01BFDD642000F2958 /* main.m */; };
		776A67B41BFDD642000F2958 /* AppDelegate.m in Sources */ = {isa = PBXBuildFile; fileRef = 776A67B31BFDD642000F2958 /* AppDelegate.m */; };
		776A67B71BFDD642000F2958 /* ViewController.m in Sources */ = {isa = PBXBuildFile; fileRef = 776A67B61BFDD642000F2958 /* ViewController.m */; };
		776A67BA1BFDD642000F2958 /* Main.storyboard in Resources */ = {isa = PBXBuildFile; fileRef = 776A67B81BFDD642000F2958 /* Main.storyboard */; };
		776A67BC1BFDD642000F2958 /* Assets.xcassets in Resources */ = {isa = PBXBuildFile; fileRef = 776A67BB1BFDD642000F2958 /* Assets.xcassets */; };
		776A67BF1BFDD642000F2958 /* LaunchScreen.storyboard in Resources */ = {isa = PBXBuildFile; fileRef = 776A67BD1BFDD642000F2958 /* LaunchScreen.storyboard */; };
		776A67CA1BFDD642000F2958 /* PTDatabaseReaderTests.m in Sources */ = {isa = PBXBuildFile; fileRef = 776A67C91BFDD642000F2958 /* PTDatabaseReaderTests.m */; };
		776A67D51BFDD642000F2958 /* PTDatabaseReaderUITests.m in Sources */ = {isa = PBXBuildFile; fileRef = 776A67D41BFDD642000F2958 /* PTDatabaseReaderUITests.m */; };
		77ADBA511BFF2D030017124F /* PTMultiColumnTableView.m in Sources */ = {isa = PBXBuildFile; fileRef = 77ADBA501BFF2D030017124F /* PTMultiColumnTableView.m */; };
/* End PBXBuildFile section */

/* Begin PBXContainerItemProxy section */
		776A67C61BFDD642000F2958 /* PBXContainerItemProxy */ = {
			isa = PBXContainerItemProxy;
			containerPortal = 776A67A41BFDD642000F2958 /* Project object */;
			proxyType = 1;
			remoteGlobalIDString = 776A67AB1BFDD642000F2958;
			remoteInfo = PTDatabaseReader;
		};
		776A67D11BFDD642000F2958 /* PBXContainerItemProxy */ = {
			isa = PBXContainerItemProxy;
			containerPortal = 776A67A41BFDD642000F2958 /* Project object */;
			proxyType = 1;
			remoteGlobalIDString = 776A67AB1BFDD642000F2958;
			remoteInfo = PTDatabaseReader;
		};
/* End PBXContainerItemProxy section */

/* Begin PBXFileReference section */
		3D85D9A5AD802AAA42377A9A /* Pods-PTDatabaseReader.debug.xcconfig */ = {isa = PBXFileReference; includeInIndex = 1; lastKnownFileType = text.xcconfig; name = "Pods-PTDatabaseReader.debug.xcconfig"; path = "Pods/Target Support Files/Pods-PTDatabaseReader/Pods-PTDatabaseReader.debug.xcconfig"; sourceTree = "<group>"; };
		776A67AC1BFDD642000F2958 /* PTDatabaseReader.app */ = {isa = PBXFileReference; explicitFileType = wrapper.application; includeInIndex = 0; path = PTDatabaseReader.app; sourceTree = BUILT_PRODUCTS_DIR; };
		776A67B01BFDD642000F2958 /* main.m */ = {isa = PBXFileReference; lastKnownFileType = sourcecode.c.objc; path = main.m; sourceTree = "<group>"; };
		776A67B21BFDD642000F2958 /* AppDelegate.h */ = {isa = PBXFileReference; lastKnownFileType = sourcecode.c.h; path = AppDelegate.h; sourceTree = "<group>"; };
		776A67B31BFDD642000F2958 /* AppDelegate.m */ = {isa = PBXFileReference; lastKnownFileType = sourcecode.c.objc; path = AppDelegate.m; sourceTree = "<group>"; };
		776A67B51BFDD642000F2958 /* ViewController.h */ = {isa = PBXFileReference; lastKnownFileType = sourcecode.c.h; path = ViewController.h; sourceTree = "<group>"; };
		776A67B61BFDD642000F2958 /* ViewController.m */ = {isa = PBXFileReference; lastKnownFileType = sourcecode.c.objc; path = ViewController.m; sourceTree = "<group>"; };
		776A67B91BFDD642000F2958 /* Base */ = {isa = PBXFileReference; lastKnownFileType = file.storyboard; name = Base; path = Base.lproj/Main.storyboard; sourceTree = "<group>"; };
		776A67BB1BFDD642000F2958 /* Assets.xcassets */ = {isa = PBXFileReference; lastKnownFileType = folder.assetcatalog; path = Assets.xcassets; sourceTree = "<group>"; };
		776A67BE1BFDD642000F2958 /* Base */ = {isa = PBXFileReference; lastKnownFileType = file.storyboard; name = Base; path = Base.lproj/LaunchScreen.storyboard; sourceTree = "<group>"; };
		776A67C01BFDD642000F2958 /* Info.plist */ = {isa = PBXFileReference; lastKnownFileType = text.plist.xml; path = Info.plist; sourceTree = "<group>"; };
		776A67C51BFDD642000F2958 /* PTDatabaseReaderTests.xctest */ = {isa = PBXFileReference; explicitFileType = wrapper.cfbundle; includeInIndex = 0; path = PTDatabaseReaderTests.xctest; sourceTree = BUILT_PRODUCTS_DIR; };
		776A67C91BFDD642000F2958 /* PTDatabaseReaderTests.m */ = {isa = PBXFileReference; lastKnownFileType = sourcecode.c.objc; path = PTDatabaseReaderTests.m; sourceTree = "<group>"; };
		776A67CB1BFDD642000F2958 /* Info.plist */ = {isa = PBXFileReference; lastKnownFileType = text.plist.xml; path = Info.plist; sourceTree = "<group>"; };
		776A67D01BFDD642000F2958 /* PTDatabaseReaderUITests.xctest */ = {isa = PBXFileReference; explicitFileType = wrapper.cfbundle; includeInIndex = 0; path = PTDatabaseReaderUITests.xctest; sourceTree = BUILT_PRODUCTS_DIR; };
		776A67D41BFDD642000F2958 /* PTDatabaseReaderUITests.m */ = {isa = PBXFileReference; lastKnownFileType = sourcecode.c.objc; path = PTDatabaseReaderUITests.m; sourceTree = "<group>"; };
		776A67D61BFDD642000F2958 /* Info.plist */ = {isa = PBXFileReference; lastKnownFileType = text.plist.xml; path = Info.plist; sourceTree = "<group>"; };
		77ADBA4F1BFF2D030017124F /* PTMultiColumnTableView.h */ = {isa = PBXFileReference; fileEncoding = 4; lastKnownFileType = sourcecode.c.h; path = PTMultiColumnTableView.h; sourceTree = "<group>"; };
		77ADBA501BFF2D030017124F /* PTMultiColumnTableView.m */ = {isa = PBXFileReference; fileEncoding = 4; lastKnownFileType = sourcecode.c.objc; path = PTMultiColumnTableView.m; sourceTree = "<group>"; };
		78707C46E3D0A6C942096456 /* Pods-PTDatabaseReader.release.xcconfig */ = {isa = PBXFileReference; includeInIndex = 1; lastKnownFileType = text.xcconfig; name = "Pods-PTDatabaseReader.release.xcconfig"; path = "Pods/Target Support Files/Pods-PTDatabaseReader/Pods-PTDatabaseReader.release.xcconfig"; sourceTree = "<group>"; };
		E5C797E7FB5022AFD896F90D /* libPods-PTDatabaseReader.a */ = {isa = PBXFileReference; explicitFileType = archive.ar; includeInIndex = 0; path = "libPods-PTDatabaseReader.a"; sourceTree = BUILT_PRODUCTS_DIR; };
/* End PBXFileReference section */

/* Begin PBXFrameworksBuildPhase section */
		776A67A91BFDD642000F2958 /* Frameworks */ = {
			isa = PBXFrameworksBuildPhase;
			buildActionMask = 2147483647;
			files = (
				6719AEE70013497E4C87C7BE /* libPods-PTDatabaseReader.a in Frameworks */,
			);
			runOnlyForDeploymentPostprocessing = 0;
		};
		776A67C21BFDD642000F2958 /* Frameworks */ = {
			isa = PBXFrameworksBuildPhase;
			buildActionMask = 2147483647;
			files = (
			);
			runOnlyForDeploymentPostprocessing = 0;
		};
		776A67CD1BFDD642000F2958 /* Frameworks */ = {
			isa = PBXFrameworksBuildPhase;
			buildActionMask = 2147483647;
			files = (
			);
			runOnlyForDeploymentPostprocessing = 0;
		};
/* End PBXFrameworksBuildPhase section */

/* Begin PBXGroup section */
		776A67A31BFDD642000F2958 = {
			isa = PBXGroup;
			children = (
				776A67AE1BFDD642000F2958 /* PTDatabaseReader */,
				776A67C81BFDD642000F2958 /* PTDatabaseReaderTests */,
				776A67D31BFDD642000F2958 /* PTDatabaseReaderUITests */,
				776A67AD1BFDD642000F2958 /* Products */,
				8DC9737BD791D577B5A0BD4E /* Pods */,
				ABA396EF77F9023F83460077 /* Frameworks */,
			);
			sourceTree = "<group>";
		};
		776A67AD1BFDD642000F2958 /* Products */ = {
			isa = PBXGroup;
			children = (
				776A67AC1BFDD642000F2958 /* PTDatabaseReader.app */,
				776A67C51BFDD642000F2958 /* PTDatabaseReaderTests.xctest */,
				776A67D01BFDD642000F2958 /* PTDatabaseReaderUITests.xctest */,
			);
			name = Products;
			sourceTree = "<group>";
		};
		776A67AE1BFDD642000F2958 /* PTDatabaseReader */ = {
			isa = PBXGroup;
			children = (
				77ADBA4E1BFF2D030017124F /* PTMultiColumnTableView */,
				776A67B21BFDD642000F2958 /* AppDelegate.h */,
				776A67B31BFDD642000F2958 /* AppDelegate.m */,
				776A67B51BFDD642000F2958 /* ViewController.h */,
				776A67B61BFDD642000F2958 /* ViewController.m */,
				776A67B81BFDD642000F2958 /* Main.storyboard */,
				776A67BB1BFDD642000F2958 /* Assets.xcassets */,
				776A67BD1BFDD642000F2958 /* LaunchScreen.storyboard */,
				776A67C01BFDD642000F2958 /* Info.plist */,
				776A67AF1BFDD642000F2958 /* Supporting Files */,
			);
			path = PTDatabaseReader;
			sourceTree = "<group>";
		};
		776A67AF1BFDD642000F2958 /* Supporting Files */ = {
			isa = PBXGroup;
			children = (
				776A67B01BFDD642000F2958 /* main.m */,
			);
			name = "Supporting Files";
			sourceTree = "<group>";
		};
		776A67C81BFDD642000F2958 /* PTDatabaseReaderTests */ = {
			isa = PBXGroup;
			children = (
				776A67C91BFDD642000F2958 /* PTDatabaseReaderTests.m */,
				776A67CB1BFDD642000F2958 /* Info.plist */,
			);
			path = PTDatabaseReaderTests;
			sourceTree = "<group>";
		};
		776A67D31BFDD642000F2958 /* PTDatabaseReaderUITests */ = {
			isa = PBXGroup;
			children = (
				776A67D41BFDD642000F2958 /* PTDatabaseReaderUITests.m */,
				776A67D61BFDD642000F2958 /* Info.plist */,
			);
			path = PTDatabaseReaderUITests;
			sourceTree = "<group>";
		};
		77ADBA4E1BFF2D030017124F /* PTMultiColumnTableView */ = {
			isa = PBXGroup;
			children = (
				77ADBA4F1BFF2D030017124F /* PTMultiColumnTableView.h */,
				77ADBA501BFF2D030017124F /* PTMultiColumnTableView.m */,
			);
			path = PTMultiColumnTableView;
			sourceTree = "<group>";
		};
		8DC9737BD791D577B5A0BD4E /* Pods */ = {
			isa = PBXGroup;
			children = (
				3D85D9A5AD802AAA42377A9A /* Pods-PTDatabaseReader.debug.xcconfig */,
				78707C46E3D0A6C942096456 /* Pods-PTDatabaseReader.release.xcconfig */,
			);
			name = Pods;
			sourceTree = "<group>";
		};
		ABA396EF77F9023F83460077 /* Frameworks */ = {
			isa = PBXGroup;
			children = (
				E5C797E7FB5022AFD896F90D /* libPods-PTDatabaseReader.a */,
			);
			name = Frameworks;
			sourceTree = "<group>";
		};
/* End PBXGroup section */

/* Begin PBXNativeTarget section */
		776A67AB1BFDD642000F2958 /* PTDatabaseReader */ = {
			isa = PBXNativeTarget;
			buildConfigurationList = 776A67D91BFDD642000F2958 /* Build configuration list for PBXNativeTarget "PTDatabaseReader" */;
			buildPhases = (
				E03A22A7D5CABEE30834BD27 /* Check Pods Manifest.lock */,
				776A67A81BFDD642000F2958 /* Sources */,
				776A67A91BFDD642000F2958 /* Frameworks */,
				776A67AA1BFDD642000F2958 /* Resources */,
				1318D896D0F2A80BD3DDBCA9 /* Embed Pods Frameworks */,
				35129AF673F228764FC199AE /* Copy Pods Resources */,
			);
			buildRules = (
			);
			dependencies = (
			);
			name = PTDatabaseReader;
			productName = PTDatabaseReader;
			productReference = 776A67AC1BFDD642000F2958 /* PTDatabaseReader.app */;
			productType = "com.apple.product-type.application";
		};
		776A67C41BFDD642000F2958 /* PTDatabaseReaderTests */ = {
			isa = PBXNativeTarget;
			buildConfigurationList = 776A67DC1BFDD642000F2958 /* Build configuration list for PBXNativeTarget "PTDatabaseReaderTests" */;
			buildPhases = (
				776A67C11BFDD642000F2958 /* Sources */,
				776A67C21BFDD642000F2958 /* Frameworks */,
				776A67C31BFDD642000F2958 /* Resources */,
			);
			buildRules = (
			);
			dependencies = (
				776A67C71BFDD642000F2958 /* PBXTargetDependency */,
			);
			name = PTDatabaseReaderTests;
			productName = PTDatabaseReaderTests;
			productReference = 776A67C51BFDD642000F2958 /* PTDatabaseReaderTests.xctest */;
			productType = "com.apple.product-type.bundle.unit-test";
		};
		776A67CF1BFDD642000F2958 /* PTDatabaseReaderUITests */ = {
			isa = PBXNativeTarget;
			buildConfigurationList = 776A67DF1BFDD642000F2958 /* Build configuration list for PBXNativeTarget "PTDatabaseReaderUITests" */;
			buildPhases = (
				776A67CC1BFDD642000F2958 /* Sources */,
				776A67CD1BFDD642000F2958 /* Frameworks */,
				776A67CE1BFDD642000F2958 /* Resources */,
			);
			buildRules = (
			);
			dependencies = (
				776A67D21BFDD642000F2958 /* PBXTargetDependency */,
			);
			name = PTDatabaseReaderUITests;
			productName = PTDatabaseReaderUITests;
			productReference = 776A67D01BFDD642000F2958 /* PTDatabaseReaderUITests.xctest */;
			productType = "com.apple.product-type.bundle.ui-testing";
		};
/* End PBXNativeTarget section */

/* Begin PBXProject section */
		776A67A41BFDD642000F2958 /* Project object */ = {
			isa = PBXProject;
			attributes = {
				LastUpgradeCheck = 0710;
				ORGANIZATIONNAME = "Peng Tao";
				TargetAttributes = {
					776A67AB1BFDD642000F2958 = {
						CreatedOnToolsVersion = 7.1;
						DevelopmentTeam = 9W7CU3Q687;
					};
					776A67C41BFDD642000F2958 = {
						CreatedOnToolsVersion = 7.1;
						TestTargetID = 776A67AB1BFDD642000F2958;
					};
					776A67CF1BFDD642000F2958 = {
						CreatedOnToolsVersion = 7.1;
						TestTargetID = 776A67AB1BFDD642000F2958;
					};
				};
			};
			buildConfigurationList = 776A67A71BFDD642000F2958 /* Build configuration list for PBXProject "PTDatabaseReader" */;
			compatibilityVersion = "Xcode 3.2";
			developmentRegion = English;
			hasScannedForEncodings = 0;
			knownRegions = (
				en,
				Base,
			);
			mainGroup = 776A67A31BFDD642000F2958;
			productRefGroup = 776A67AD1BFDD642000F2958 /* Products */;
			projectDirPath = "";
			projectRoot = "";
			targets = (
				776A67AB1BFDD642000F2958 /* PTDatabaseReader */,
				776A67C41BFDD642000F2958 /* PTDatabaseReaderTests */,
				776A67CF1BFDD642000F2958 /* PTDatabaseReaderUITests */,
			);
		};
/* End PBXProject section */

/* Begin PBXResourcesBuildPhase section */
		776A67AA1BFDD642000F2958 /* Resources */ = {
			isa = PBXResourcesBuildPhase;
			buildActionMask = 2147483647;
			files = (
				776A67BF1BFDD642000F2958 /* LaunchScreen.storyboard in Resources */,
				776A67BC1BFDD642000F2958 /* Assets.xcassets in Resources */,
				776A67BA1BFDD642000F2958 /* Main.storyboard in Resources */,
			);
			runOnlyForDeploymentPostprocessing = 0;
		};
		776A67C31BFDD642000F2958 /* Resources */ = {
			isa = PBXResourcesBuildPhase;
			buildActionMask = 2147483647;
			files = (
			);
			runOnlyForDeploymentPostprocessing = 0;
		};
		776A67CE1BFDD642000F2958 /* Resources */ = {
			isa = PBXResourcesBuildPhase;
			buildActionMask = 2147483647;
			files = (
			);
			runOnlyForDeploymentPostprocessing = 0;
		};
/* End PBXResourcesBuildPhase section */

/* Begin PBXShellScriptBuildPhase section */
		1318D896D0F2A80BD3DDBCA9 /* Embed Pods Frameworks */ = {
			isa = PBXShellScriptBuildPhase;
			buildActionMask = 2147483647;
			files = (
			);
			inputPaths = (
			);
			name = "Embed Pods Frameworks";
			outputPaths = (
			);
			runOnlyForDeploymentPostprocessing = 0;
			shellPath = /bin/sh;
			shellScript = "\"${SRCROOT}/Pods/Target Support Files/Pods-PTDatabaseReader/Pods-PTDatabaseReader-frameworks.sh\"\n";
			showEnvVarsInLog = 0;
		};
		35129AF673F228764FC199AE /* Copy Pods Resources */ = {
			isa = PBXShellScriptBuildPhase;
			buildActionMask = 2147483647;
			files = (
			);
			inputPaths = (
			);
			name = "Copy Pods Resources";
			outputPaths = (
			);
			runOnlyForDeploymentPostprocessing = 0;
			shellPath = /bin/sh;
			shellScript = "\"${SRCROOT}/Pods/Target Support Files/Pods-PTDatabaseReader/Pods-PTDatabaseReader-resources.sh\"\n";
			showEnvVarsInLog = 0;
		};
		E03A22A7D5CABEE30834BD27 /* Check Pods Manifest.lock */ = {
			isa = PBXShellScriptBuildPhase;
			buildActionMask = 2147483647;
			files = (
			);
			inputPaths = (
			);
			name = "Check Pods Manifest.lock";
			outputPaths = (
			);
			runOnlyForDeploymentPostprocessing = 0;
			shellPath = /bin/sh;
			shellScript = "diff \"${PODS_ROOT}/../Podfile.lock\" \"${PODS_ROOT}/Manifest.lock\" > /dev/null\nif [[ $? != 0 ]] ; then\n    cat << EOM\nerror: The sandbox is not in sync with the Podfile.lock. Run 'pod install' or update your CocoaPods installation.\nEOM\n    exit 1\nfi\n";
			showEnvVarsInLog = 0;
		};
/* End PBXShellScriptBuildPhase section */

/* Begin PBXSourcesBuildPhase section */
		776A67A81BFDD642000F2958 /* Sources */ = {
			isa = PBXSourcesBuildPhase;
			buildActionMask = 2147483647;
			files = (
				776A67B71BFDD642000F2958 /* ViewController.m in Sources */,
				776A67B41BFDD642000F2958 /* AppDelegate.m in Sources */,
				776A67B11BFDD642000F2958 /* main.m in Sources */,
				77ADBA511BFF2D030017124F /* PTMultiColumnTableView.m in Sources */,
			);
			runOnlyForDeploymentPostprocessing = 0;
		};
		776A67C11BFDD642000F2958 /* Sources */ = {
			isa = PBXSourcesBuildPhase;
			buildActionMask = 2147483647;
			files = (
				776A67CA1BFDD642000F2958 /* PTDatabaseReaderTests.m in Sources */,
			);
			runOnlyForDeploymentPostprocessing = 0;
		};
		776A67CC1BFDD642000F2958 /* Sources */ = {
			isa = PBXSourcesBuildPhase;
			buildActionMask = 2147483647;
			files = (
				776A67D51BFDD642000F2958 /* PTDatabaseReaderUITests.m in Sources */,
			);
			runOnlyForDeploymentPostprocessing = 0;
		};
/* End PBXSourcesBuildPhase section */

/* Begin PBXTargetDependency section */
		776A67C71BFDD642000F2958 /* PBXTargetDependency */ = {
			isa = PBXTargetDependency;
			target = 776A67AB1BFDD642000F2958 /* PTDatabaseReader */;
			targetProxy = 776A67C61BFDD642000F2958 /* PBXContainerItemProxy */;
		};
		776A67D21BFDD642000F2958 /* PBXTargetDependency */ = {
			isa = PBXTargetDependency;
			target = 776A67AB1BFDD642000F2958 /* PTDatabaseReader */;
			targetProxy = 776A67D11BFDD642000F2958 /* PBXContainerItemProxy */;
		};
/* End PBXTargetDependency section */

/* Begin PBXVariantGroup section */
		776A67B81BFDD642000F2958 /* Main.storyboard */ = {
			isa = PBXVariantGroup;
			children = (
				776A67B91BFDD642000F2958 /* Base */,
			);
			name = Main.storyboard;
			sourceTree = "<group>";
		};
		776A67BD1BFDD642000F2958 /* LaunchScreen.storyboard */ = {
			isa = PBXVariantGroup;
			children = (
				776A67BE1BFDD642000F2958 /* Base */,
			);
			name = LaunchScreen.storyboard;
			sourceTree = "<group>";
		};
/* End PBXVariantGroup section */

/* Begin XCBuildConfiguration section */
		776A67D71BFDD642000F2958 /* Debug */ = {
			isa = XCBuildConfiguration;
			buildSettings = {
				ALWAYS_SEARCH_USER_PATHS = NO;
				CLANG_CXX_LANGUAGE_STANDARD = "gnu++0x";
				CLANG_CXX_LIBRARY = "libc++";
				CLANG_ENABLE_MODULES = YES;
				CLANG_ENABLE_OBJC_ARC = YES;
				CLANG_WARN_BOOL_CONVERSION = YES;
				CLANG_WARN_CONSTANT_CONVERSION = YES;
				CLANG_WARN_DIRECT_OBJC_ISA_USAGE = YES_ERROR;
				CLANG_WARN_EMPTY_BODY = YES;
				CLANG_WARN_ENUM_CONVERSION = YES;
				CLANG_WARN_INT_CONVERSION = YES;
				CLANG_WARN_OBJC_ROOT_CLASS = YES_ERROR;
				CLANG_WARN_UNREACHABLE_CODE = YES;
				CLANG_WARN__DUPLICATE_METHOD_MATCH = YES;
				"CODE_SIGN_IDENTITY[sdk=iphoneos*]" = "iPhone Developer";
				COPY_PHASE_STRIP = NO;
				DEBUG_INFORMATION_FORMAT = dwarf;
				ENABLE_STRICT_OBJC_MSGSEND = YES;
				ENABLE_TESTABILITY = YES;
				GCC_C_LANGUAGE_STANDARD = gnu99;
				GCC_DYNAMIC_NO_PIC = NO;
				GCC_NO_COMMON_BLOCKS = YES;
				GCC_OPTIMIZATION_LEVEL = 0;
				GCC_PREPROCESSOR_DEFINITIONS = (
					"DEBUG=1",
					"$(inherited)",
				);
				GCC_WARN_64_TO_32_BIT_CONVERSION = YES;
				GCC_WARN_ABOUT_RETURN_TYPE = YES_ERROR;
				GCC_WARN_UNDECLARED_SELECTOR = YES;
				GCC_WARN_UNINITIALIZED_AUTOS = YES_AGGRESSIVE;
				GCC_WARN_UNUSED_FUNCTION = YES;
				GCC_WARN_UNUSED_VARIABLE = YES;
				IPHONEOS_DEPLOYMENT_TARGET = 9.1;
				MTL_ENABLE_DEBUG_INFO = YES;
				ONLY_ACTIVE_ARCH = YES;
				SDKROOT = iphoneos;
				TARGETED_DEVICE_FAMILY = 2;
			};
			name = Debug;
		};
		776A67D81BFDD642000F2958 /* Release */ = {
			isa = XCBuildConfiguration;
			buildSettings = {
				ALWAYS_SEARCH_USER_PATHS = NO;
				CLANG_CXX_LANGUAGE_STANDARD = "gnu++0x";
				CLANG_CXX_LIBRARY = "libc++";
				CLANG_ENABLE_MODULES = YES;
				CLANG_ENABLE_OBJC_ARC = YES;
				CLANG_WARN_BOOL_CONVERSION = YES;
				CLANG_WARN_CONSTANT_CONVERSION = YES;
				CLANG_WARN_DIRECT_OBJC_ISA_USAGE = YES_ERROR;
				CLANG_WARN_EMPTY_BODY = YES;
				CLANG_WARN_ENUM_CONVERSION = YES;
				CLANG_WARN_INT_CONVERSION = YES;
				CLANG_WARN_OBJC_ROOT_CLASS = YES_ERROR;
				CLANG_WARN_UNREACHABLE_CODE = YES;
				CLANG_WARN__DUPLICATE_METHOD_MATCH = YES;
				"CODE_SIGN_IDENTITY[sdk=iphoneos*]" = "iPhone Developer";
				COPY_PHASE_STRIP = NO;
				DEBUG_INFORMATION_FORMAT = "dwarf-with-dsym";
				ENABLE_NS_ASSERTIONS = NO;
				ENABLE_STRICT_OBJC_MSGSEND = YES;
				GCC_C_LANGUAGE_STANDARD = gnu99;
				GCC_NO_COMMON_BLOCKS = YES;
				GCC_WARN_64_TO_32_BIT_CONVERSION = YES;
				GCC_WARN_ABOUT_RETURN_TYPE = YES_ERROR;
				GCC_WARN_UNDECLARED_SELECTOR = YES;
				GCC_WARN_UNINITIALIZED_AUTOS = YES_AGGRESSIVE;
				GCC_WARN_UNUSED_FUNCTION = YES;
				GCC_WARN_UNUSED_VARIABLE = YES;
				IPHONEOS_DEPLOYMENT_TARGET = 9.1;
				MTL_ENABLE_DEBUG_INFO = NO;
				SDKROOT = iphoneos;
				TARGETED_DEVICE_FAMILY = 2;
				VALIDATE_PRODUCT = YES;
			};
			name = Release;
		};
		776A67DA1BFDD642000F2958 /* Debug */ = {
			isa = XCBuildConfiguration;
			baseConfigurationReference = 3D85D9A5AD802AAA42377A9A /* Pods-PTDatabaseReader.debug.xcconfig */;
			buildSettings = {
				ASSETCATALOG_COMPILER_APPICON_NAME = AppIcon;
				CODE_SIGN_IDENTITY = "iPhone Developer";
				INFOPLIST_FILE = PTDatabaseReader/Info.plist;
				IPHONEOS_DEPLOYMENT_TARGET = 8;
				LD_RUNPATH_SEARCH_PATHS = "$(inherited) @executable_path/Frameworks";
				PRODUCT_BUNDLE_IDENTIFIER = com.tttpeng.PTDatabaseReader;
				PRODUCT_NAME = "$(TARGET_NAME)";
				PROVISIONING_PROFILE = "";
			};
			name = Debug;
		};
		776A67DB1BFDD642000F2958 /* Release */ = {
			isa = XCBuildConfiguration;
			baseConfigurationReference = 78707C46E3D0A6C942096456 /* Pods-PTDatabaseReader.release.xcconfig */;
			buildSettings = {
				ASSETCATALOG_COMPILER_APPICON_NAME = AppIcon;
				CODE_SIGN_IDENTITY = "iPhone Developer";
				INFOPLIST_FILE = PTDatabaseReader/Info.plist;
				IPHONEOS_DEPLOYMENT_TARGET = 8;
				LD_RUNPATH_SEARCH_PATHS = "$(inherited) @executable_path/Frameworks";
				PRODUCT_BUNDLE_IDENTIFIER = com.tttpeng.PTDatabaseReader;
				PRODUCT_NAME = "$(TARGET_NAME)";
				PROVISIONING_PROFILE = "";
			};
			name = Release;
		};
		776A67DD1BFDD642000F2958 /* Debug */ = {
			isa = XCBuildConfiguration;
			buildSettings = {
				BUNDLE_LOADER = "$(TEST_HOST)";
				INFOPLIST_FILE = PTDatabaseReaderTests/Info.plist;
				LD_RUNPATH_SEARCH_PATHS = "$(inherited) @executable_path/Frameworks @loader_path/Frameworks";
				PRODUCT_BUNDLE_IDENTIFIER = com.tttpeng.PTDatabaseReaderTests;
				PRODUCT_NAME = "$(TARGET_NAME)";
				TEST_HOST = "$(BUILT_PRODUCTS_DIR)/PTDatabaseReader.app/PTDatabaseReader";
			};
			name = Debug;
		};
		776A67DE1BFDD642000F2958 /* Release */ = {
			isa = XCBuildConfiguration;
			buildSettings = {
				BUNDLE_LOADER = "$(TEST_HOST)";
				INFOPLIST_FILE = PTDatabaseReaderTests/Info.plist;
				LD_RUNPATH_SEARCH_PATHS = "$(inherited) @executable_path/Frameworks @loader_path/Frameworks";
				PRODUCT_BUNDLE_IDENTIFIER = com.tttpeng.PTDatabaseReaderTests;
				PRODUCT_NAME = "$(TARGET_NAME)";
				TEST_HOST = "$(BUILT_PRODUCTS_DIR)/PTDatabaseReader.app/PTDatabaseReader";
			};
			name = Release;
		};
		776A67E01BFDD642000F2958 /* Debug */ = {
			isa = XCBuildConfiguration;
			buildSettings = {
				INFOPLIST_FILE = PTDatabaseReaderUITests/Info.plist;
				LD_RUNPATH_SEARCH_PATHS = "$(inherited) @executable_path/Frameworks @loader_path/Frameworks";
				PRODUCT_BUNDLE_IDENTIFIER = com.tttpeng.PTDatabaseReaderUITests;
				PRODUCT_NAME = "$(TARGET_NAME)";
				TEST_TARGET_NAME = PTDatabaseReader;
				USES_XCTRUNNER = YES;
			};
			name = Debug;
		};
		776A67E11BFDD642000F2958 /* Release */ = {
			isa = XCBuildConfiguration;
			buildSettings = {
				INFOPLIST_FILE = PTDatabaseReaderUITests/Info.plist;
				LD_RUNPATH_SEARCH_PATHS = "$(inherited) @executable_path/Frameworks @loader_path/Frameworks";
				PRODUCT_BUNDLE_IDENTIFIER = com.tttpeng.PTDatabaseReaderUITests;
				PRODUCT_NAME = "$(TARGET_NAME)";
				TEST_TARGET_NAME = PTDatabaseReader;
				USES_XCTRUNNER = YES;
			};
			name = Release;
		};
/* End XCBuildConfiguration section */

/* Begin XCConfigurationList section */
		776A67A71BFDD642000F2958 /* Build configuration list for PBXProject "PTDatabaseReader" */ = {
			isa = XCConfigurationList;
			buildConfigurations = (
				776A67D71BFDD642000F2958 /* Debug */,
				776A67D81BFDD642000F2958 /* Release */,
			);
			defaultConfigurationIsVisible = 0;
			defaultConfigurationName = Release;
		};
		776A67D91BFDD642000F2958 /* Build configuration list for PBXNativeTarget "PTDatabaseReader" */ = {
			isa = XCConfigurationList;
			buildConfigurations = (
				776A67DA1BFDD642000F2958 /* Debug */,
				776A67DB1BFDD642000F2958 /* Release */,
			);
			defaultConfigurationIsVisible = 0;
			defaultConfigurationName = Release;
		};
		776A67DC1BFDD642000F2958 /* Build configuration list for PBXNativeTarget "PTDatabaseReaderTests" */ = {
			isa = XCConfigurationList;
			buildConfigurations = (
				776A67DD1BFDD642000F2958 /* Debug */,
				776A67DE1BFDD642000F2958 /* Release */,
			);
			defaultConfigurationIsVisible = 0;
			defaultConfigurationName = Release;
		};
		776A67DF1BFDD642000F2958 /* Build configuration list for PBXNativeTarget "PTDatabaseReaderUITests" */ = {
			isa = XCConfigurationList;
			buildConfigurations = (
				776A67E01BFDD642000F2958 /* Debug */,
				776A67E11BFDD642000F2958 /* Release */,
			);
			defaultConfigurationIsVisible = 0;
			defaultConfigurationName = Release;
		};
/* End XCConfigurationList section */
	};
	rootObject = 776A67A41BFDD642000F2958 /* Project object */;
}
